{
  "name": "space",
  "lockfileVersion": 3,
  "requires": true,
  "packages": {
    "": {
      "dependencies": {
        "effector": "^23.3.0"
      }
    },
    "node_modules/effector": {
      "version": "23.3.0",
      "resolved": "https://registry.npmjs.org/effector/-/effector-23.3.0.tgz",
      "integrity": "sha512-ZnQ3POaNARlxT9+kxrK58PO/xmStBdxfPq0rceglENg8Ryxx/yx+1RsV/ziznrFPhLkZYc7NdDA1OKxnMW98/g==",
      "funding": [
        {
          "type": "patreon",
          "url": "https://www.patreon.com/zero_bias"
        },
        {
          "type": "opencollective",
          "url": "https://opencollective.com/effector"
        }
      ],
      "engines": {
        "node": ">=11.0.0"
      }
    }
  }
}
